
Microsoft Visual Studio Solution File, Format Version 12.00
# Visual Studio 15
VisualStudioVersion = 15.0.26124.0
MinimumVisualStudioVersion = 15.0.26124.0
Project("{FAE04EC0-301F-11D3-BF4B-00C04F79EFBC}") = "charting-webapi", "charting-webapi\charting-webapi.csproj", "{9670A0CB-4122-4DE6-93F4-2A2865216D4D}"
EndProject
Project("{FAE04EC0-301F-11D3-BF4B-00C04F79EFBC}") = "charting-webapp", "charting-webapp\charting-webapp.csproj", "{958FDD4C-FA30-4222-80DB-44EA875F7BED}"
EndProject
Global
	GlobalSection(SolutionConfigurationPlatforms) = preSolution
		Debug|Any CPU = Debug|Any CPU
		Debug|x64 = Debug|x64
		Debug|x86 = Debug|x86
		Release|Any CPU = Release|Any CPU
		Release|x64 = Release|x64
		Release|x86 = Release|x86
	EndGlobalSection
	GlobalSection(SolutionProperties) = preSolution
		HideSolutionNode = FALSE
	EndGlobalSection
	GlobalSection(ProjectConfigurationPlatforms) = postSolution
		{9670A0CB-4122-4DE6-93F4-2A2865216D4D}.Debug|Any CPU.ActiveCfg = Debug|Any CPU
		{9670A0CB-4122-4DE6-93F4-2A2865216D4D}.Debug|Any CPU.Build.0 = Debug|Any CPU
		{9670A0CB-4122-4DE6-93F4-2A2865216D4D}.Debug|x64.ActiveCfg = Debug|Any CPU
		{9670A0CB-4122-4DE6-93F4-2A2865216D4D}.Debug|x64.Build.0 = Debug|Any CPU
		{9670A0CB-4122-4DE6-93F4-2A2865216D4D}.Debug|x86.ActiveCfg = Debug|Any CPU
		{9670A0CB-4122-4DE6-93F4-2A2865216D4D}.Debug|x86.Build.0 = Debug|Any CPU
		{9670A0CB-4122-4DE6-93F4-2A2865216D4D}.Release|Any CPU.ActiveCfg = Release|Any CPU
		{9670A0CB-4122-4DE6-93F4-2A2865216D4D}.Release|Any CPU.Build.0 = Release|Any CPU
		{9670A0CB-4122-4DE6-93F4-2A2865216D4D}.Release|x64.ActiveCfg = Release|Any CPU
		{9670A0CB-4122-4DE6-93F4-2A2865216D4D}.Release|x64.Build.0 = Release|Any CPU
		{9670A0CB-4122-4DE6-93F4-2A2865216D4D}.Release|x86.ActiveCfg = Release|Any CPU
		{9670A0CB-4122-4DE6-93F4-2A2865216D4D}.Release|x86.Build.0 = Release|Any CPU
		{958FDD4C-FA30-4222-80DB-44EA875F7BED}.Debug|Any CPU.ActiveCfg = Debug|Any CPU
		{958FDD4C-FA30-4222-80DB-44EA875F7BED}.Debug|Any CPU.Build.0 = Debug|Any CPU
		{958FDD4C-FA30-4222-80DB-44EA875F7BED}.Debug|x64.ActiveCfg = Debug|Any CPU
		{958FDD4C-FA30-4222-80DB-44EA875F7BED}.Debug|x64.Build.0 = Debug|Any CPU
		{958FDD4C-FA30-4222-80DB-44EA875F7BED}.Debug|x86.ActiveCfg = Debug|Any CPU
		{958FDD4C-FA30-4222-80DB-44EA875F7BED}.Debug|x86.Build.0 = Debug|Any CPU
		{958FDD4C-FA30-4222-80DB-44EA875F7BED}.Release|Any CPU.ActiveCfg = Release|Any CPU
		{958FDD4C-FA30-4222-80DB-44EA875F7BED}.Release|Any CPU.Build.0 = Release|Any CPU
		{958FDD4C-FA30-4222-80DB-44EA875F7BED}.Release|x64.ActiveCfg = Release|Any CPU
		{958FDD4C-FA30-4222-80DB-44EA875F7BED}.Release|x64.Build.0 = Release|Any CPU
		{958FDD4C-FA30-4222-80DB-44EA875F7BED}.Release|x86.ActiveCfg = Release|Any CPU
		{958FDD4C-FA30-4222-80DB-44EA875F7BED}.Release|x86.Build.0 = Release|Any CPU
	EndGlobalSection
EndGlobal
